
Microsoft Visual Studio Solution File, Format Version 12.00
# Visual Studio Version 17
VisualStudioVersion = 17.8.34330.188
MinimumVisualStudioVersion = 10.0.40219.1
Project("{FAE04EC0-301F-11D3-BF4B-00C04F79EFBC}") = "CodePage932_2", "CodePage932_2\CodePage932_2.csproj", "{6588B3F8-37A2-4C70-8419-4FA064976281}"
EndProject
Global
	GlobalSection(SolutionConfigurationPlatforms) = preSolution
		Debug|Any CPU = Debug|Any CPU
		Release|Any CPU = Release|Any CPU
	EndGlobalSection
	GlobalSection(ProjectConfigurationPlatforms) = postSolution
		{6588B3F8-37A2-4C70-8419-4FA064976281}.Debug|Any CPU.ActiveCfg = Debug|Any CPU
		{6588B3F8-37A2-4C70-8419-4FA064976281}.Debug|Any CPU.Build.0 = Debug|Any CPU
		{6588B3F8-37A2-4C70-8419-4FA064976281}.Release|Any CPU.ActiveCfg = Release|Any CPU
		{6588B3F8-37A2-4C70-8419-4FA064976281}.Release|Any CPU.Build.0 = Release|Any CPU
	EndGlobalSection
	GlobalSection(SolutionProperties) = preSolution
		HideSolutionNode = FALSE
	EndGlobalSection
	GlobalSection(ExtensibilityGlobals) = postSolution
		SolutionGuid = {870D300E-633C-42DA-9BB0-CB4E59071084}
	EndGlobalSection
EndGlobal
