
Microsoft Visual Studio Solution File, Format Version 12.00
# Visual Studio Version 17
VisualStudioVersion = 17.9.34310.174
MinimumVisualStudioVersion = 10.0.40219.1
Project("{FAE04EC0-301F-11D3-BF4B-00C04F79EFBC}") = "Sample002", "Sample002\Sample002.csproj", "{9C744F8C-A90A-4E45-9C0D-8DFA05946238}"
EndProject
Global
	GlobalSection(SolutionConfigurationPlatforms) = preSolution
		Debug|Any CPU = Debug|Any CPU
		Release|Any CPU = Release|Any CPU
	EndGlobalSection
	GlobalSection(ProjectConfigurationPlatforms) = postSolution
		{9C744F8C-A90A-4E45-9C0D-8DFA05946238}.Debug|Any CPU.ActiveCfg = Debug|Any CPU
		{9C744F8C-A90A-4E45-9C0D-8DFA05946238}.Debug|Any CPU.Build.0 = Debug|Any CPU
		{9C744F8C-A90A-4E45-9C0D-8DFA05946238}.Release|Any CPU.ActiveCfg = Release|Any CPU
		{9C744F8C-A90A-4E45-9C0D-8DFA05946238}.Release|Any CPU.Build.0 = Release|Any CPU
	EndGlobalSection
	GlobalSection(SolutionProperties) = preSolution
		HideSolutionNode = FALSE
	EndGlobalSection
	GlobalSection(ExtensibilityGlobals) = postSolution
		SolutionGuid = {4CFAC0F4-5AC8-433F-B465-CBEE4F4102F4}
	EndGlobalSection
EndGlobal
